<?xml version="1.0" encoding="utf-8"?>
<Project ToolsVersion="4.0" xmlns="http://schemas.microsoft.com/developer/msbuild/2003">
  <ItemGroup>
    <Filter Include="Headers">
      <UniqueIdentifier>{4f4c3eef-712b-4e35-8cff-2b0360210de6}</UniqueIdentifier>
    </Filter>
    <Filter Include="Source">
      <UniqueIdentifier>{4d7b5deb-5b96-4db4-8cfe-849e6d232a60}</UniqueIdentifier>
    </Filter>
    <Filter Include="Headers\Task">
      <UniqueIdentifier>{4bdf467c-83bc-4f55-8b0c-91a1e4c0ef1d}</UniqueIdentifier>
    </Filter>
    <Filter Include="Headers\Components">
      <UniqueIdentifier>{be5a9312-0673-4c1c-98d8-a8223f3ad6ce}</UniqueIdentifier>
    </Filter>
    <Filter Include="Headers\Tools">
      <UniqueIdentifier>{31a0bb07-d739-4b3d-b57f-ec0a2a2ace07}</UniqueIdentifier>
    </Filter>
    <Filter Include="Headers\Audio">
      <UniqueIdentifier>{808cc403-a9c8-466a-a1a5-55a409120595}</UniqueIdentifier>
    </Filter>
    <Filter Include="Headers\Components\Base">
      <UniqueIdentifier>{594fe203-e236-4daa-897d-20c8e3c54a1e}</UniqueIdentifier>
    </Filter>
    <Filter Include="Headers\Task\Base">
      <UniqueIdentifier>{139980c9-2437-4b96-87d4-317707eea7e7}</UniqueIdentifier>
    </Filter>
    <Filter Include="Headers\Entity">
      <UniqueIdentifier>{86d12aa5-db05-470d-a9be-dd5a44124c1c}</UniqueIdentifier>
    </Filter>
    <Filter Include="Headers\XML">
      <UniqueIdentifier>{76c65b9e-5b1c-4818-9062-3cdd9646d4e3}</UniqueIdentifier>
    </Filter>
    <Filter Include="Headers\Message">
      <UniqueIdentifier>{4da65f88-47a3-4181-b56c-1c2de381654a}</UniqueIdentifier>
    </Filter>
    <Filter Include="Headers\Input">
      <UniqueIdentifier>{f2e6e5fa-a455-4360-aa83-afb3640a3ef5}</UniqueIdentifier>
    </Filter>
  </ItemGroup>
  <ItemGroup>
    <ClInclude Include="..\..\..\code\BEngine\headers\BEngine.hpp">
      <Filter>Headers</Filter>
    </ClInclude>
    <ClInclude Include="..\..\..\code\BEngine\headers\BKernel.hpp">
      <Filter>Headers</Filter>
    </ClInclude>
    <ClInclude Include="..\..\..\code\BEngine\headers\BLightComponent.hpp">
      <Filter>Headers</Filter>
    </ClInclude>
    <ClInclude Include="..\..\..\code\BEngine\headers\BMainRenderer.hpp">
      <Filter>Headers</Filter>
    </ClInclude>
    <ClInclude Include="..\..\..\code\BEngine\headers\BMath.hpp">
      <Filter>Headers</Filter>
    </ClInclude>
    <ClInclude Include="..\..\..\code\BEngine\headers\BMessage.hpp">
      <Filter>Headers</Filter>
    </ClInclude>
    <ClInclude Include="..\..\..\code\BEngine\headers\BScene.hpp">
      <Filter>Headers</Filter>
    </ClInclude>
    <ClInclude Include="..\..\..\code\BEngine\headers\BTimer.hpp">
      <Filter>Headers</Filter>
    </ClInclude>
    <ClInclude Include="..\..\..\code\BEngine\headers\BtypeDef.hpp">
      <Filter>Headers</Filter>
    </ClInclude>
    <ClInclude Include="..\..\..\code\BEngine\headers\BAlgoritmosDeOrdenacion.hpp">
      <Filter>Headers\Tools</Filter>
    </ClInclude>
    <ClInclude Include="..\..\..\code\BEngine\headers\BAudio.hpp">
      <Filter>Headers\Audio</Filter>
    </ClInclude>
    <ClInclude Include="..\..\..\code\BEngine\headers\BBoxColliderComponent.hpp">
      <Filter>Headers\Components</Filter>
    </ClInclude>
    <ClInclude Include="..\..\..\code\BEngine\headers\BCameraComponent.hpp">
      <Filter>Headers\Components</Filter>
    </ClInclude>
    <ClInclude Include="..\..\..\code\BEngine\headers\BCharacterController.hpp">
      <Filter>Headers\Components</Filter>
    </ClInclude>
    <ClInclude Include="..\..\..\code\BEngine\headers\BCharacterControllerTask.hpp">
      <Filter>Headers\Task</Filter>
    </ClInclude>
    <ClInclude Include="..\..\..\code\BEngine\headers\BColliderComponent.hpp">
      <Filter>Headers\Components</Filter>
    </ClInclude>
    <ClInclude Include="..\..\..\code\BEngine\headers\BControlComponent.hpp">
      <Filter>Headers\Components</Filter>
    </ClInclude>
    <ClInclude Include="..\..\..\code\BEngine\headers\BInputComponent.hpp">
      <Filter>Headers\Components</Filter>
    </ClInclude>
    <ClInclude Include="..\..\..\code\BEngine\headers\BKeyboardComponent.hpp">
      <Filter>Headers\Components</Filter>
    </ClInclude>
    <ClInclude Include="..\..\..\code\BEngine\headers\BMainWindowComponent.hpp">
      <Filter>Headers\Components</Filter>
    </ClInclude>
    <ClInclude Include="..\..\..\code\BEngine\headers\BRenderObjectComponent.hpp">
      <Filter>Headers\Components</Filter>
    </ClInclude>
    <ClInclude Include="..\..\..\code\BEngine\headers\BShereColliderComponent.hpp">
      <Filter>Headers\Components</Filter>
    </ClInclude>
    <ClInclude Include="..\..\..\code\BEngine\headers\BTransformComponent.hpp">
      <Filter>Headers\Components</Filter>
    </ClInclude>
    <ClInclude Include="..\..\..\code\BEngine\headers\BComponent.hpp">
      <Filter>Headers\Components\Base</Filter>
    </ClInclude>
    <ClInclude Include="..\..\..\code\BEngine\headers\BInputHandlerTask.hpp">
      <Filter>Headers\Task</Filter>
    </ClInclude>
    <ClInclude Include="..\..\..\code\BEngine\headers\BPhysicsTask.hpp">
      <Filter>Headers\Task</Filter>
    </ClInclude>
    <ClInclude Include="..\..\..\code\BEngine\headers\BRenderObjectTask.hpp">
      <Filter>Headers\Task</Filter>
    </ClInclude>
    <ClInclude Include="..\..\..\code\BEngine\headers\BRenderTask.hpp">
      <Filter>Headers\Task</Filter>
    </ClInclude>
    <ClInclude Include="..\..\..\code\BEngine\headers\BTranformTask.hpp">
      <Filter>Headers\Task</Filter>
    </ClInclude>
    <ClInclude Include="..\..\..\code\BEngine\headers\BWindowTask.hpp">
      <Filter>Headers\Task</Filter>
    </ClInclude>
    <ClInclude Include="..\..\..\code\BEngine\headers\BTask.hpp">
      <Filter>Headers\Task\Base</Filter>
    </ClInclude>
    <ClInclude Include="..\..\..\code\BEngine\headers\BDispacher.hpp">
      <Filter>Headers\Message</Filter>
    </ClInclude>
    <ClInclude Include="..\..\..\code\BEngine\headers\BObserver.hpp">
      <Filter>Headers\Message</Filter>
    </ClInclude>
    <ClInclude Include="..\..\..\code\BEngine\headers\rapidxml.hpp">
      <Filter>Headers\XML</Filter>
    </ClInclude>
    <ClInclude Include="..\..\..\code\BEngine\headers\rapidxml_iterators.hpp">
      <Filter>Headers\XML</Filter>
    </ClInclude>
    <ClInclude Include="..\..\..\code\BEngine\headers\rapidxml_print.hpp">
      <Filter>Headers\XML</Filter>
    </ClInclude>
    <ClInclude Include="..\..\..\code\BEngine\headers\rapidxml_utils.hpp">
      <Filter>Headers\XML</Filter>
    </ClInclude>
    <ClInclude Include="..\..\..\code\BEngine\headers\BInputMapper.hpp">
      <Filter>Headers\Input</Filter>
    </ClInclude>
    <ClInclude Include="..\..\..\code\BEngine\headers\BKeyboard.hpp">
      <Filter>Headers\Input</Filter>
    </ClInclude>
    <ClInclude Include="..\..\..\code\BEngine\headers\BEntity.hpp">
      <Filter>Headers\Entity</Filter>
    </ClInclude>
    <ClInclude Include="..\..\..\code\BEngine\headers\BPhysicsComponent.hpp">
      <Filter>Headers\Components</Filter>
    </ClInclude>
    <ClInclude Include="..\..\..\code\BEngine\headers\BMainPhysicsTask.hpp">
      <Filter>Headers\Task</Filter>
    </ClInclude>
    <ClInclude Include="..\..\..\code\BEngine\headers\BMainPhysicsComponent.hpp">
      <Filter>Headers\Components</Filter>
    </ClInclude>
    <ClInclude Include="..\..\..\code\BEngine\headers\BCapsulleColliderComponent.hpp">
      <Filter>Headers\Components</Filter>
    </ClInclude>
    <ClInclude Include="..\..\..\code\BEngine\headers\BMainCollisionComponent.hpp">
      <Filter>Headers\Components</Filter>
    </ClInclude>
    <ClInclude Include="..\..\..\code\BEngine\headers\BMainCollisionTask.hpp">
      <Filter>Headers\Task</Filter>
    </ClInclude>
  </ItemGroup>
  <ItemGroup>
    <ClCompile Include="..\..\..\code\BEngine\source\BAudio.cpp">
      <Filter>Source</Filter>
    </ClCompile>
    <ClCompile Include="..\..\..\code\BEngine\source\BBoxColliderComponent.cpp">
      <Filter>Source</Filter>
    </ClCompile>
    <ClCompile Include="..\..\..\code\BEngine\source\BCameraComponent.cpp">
      <Filter>Source</Filter>
    </ClCompile>
    <ClCompile Include="..\..\..\code\BEngine\source\BCharacterController.cpp">
      <Filter>Source</Filter>
    </ClCompile>
    <ClCompile Include="..\..\..\code\BEngine\source\BCharacterControllerTask.cpp">
      <Filter>Source</Filter>
    </ClCompile>
    <ClCompile Include="..\..\..\code\BEngine\source\BColliderComponent.cpp">
      <Filter>Source</Filter>
    </ClCompile>
    <ClCompile Include="..\..\..\code\BEngine\source\BComponent.cpp">
      <Filter>Source</Filter>
    </ClCompile>
    <ClCompile Include="..\..\..\code\BEngine\source\BControlComponent.cpp">
      <Filter>Source</Filter>
    </ClCompile>
    <ClCompile Include="..\..\..\code\BEngine\source\BControlTask.cpp">
      <Filter>Source</Filter>
    </ClCompile>
    <ClCompile Include="..\..\..\code\BEngine\source\BDispacher.cpp">
      <Filter>Source</Filter>
    </ClCompile>
    <ClCompile Include="..\..\..\code\BEngine\source\BEntity.cpp">
      <Filter>Source</Filter>
    </ClCompile>
    <ClCompile Include="..\..\..\code\BEngine\source\BInputComponent.cpp">
      <Filter>Source</Filter>
    </ClCompile>
    <ClCompile Include="..\..\..\code\BEngine\source\BInputHandlerTask.cpp">
      <Filter>Source</Filter>
    </ClCompile>
    <ClCompile Include="..\..\..\code\BEngine\source\BKernel.cpp">
      <Filter>Source</Filter>
    </ClCompile>
    <ClCompile Include="..\..\..\code\BEngine\source\BKeyboard.cpp">
      <Filter>Source</Filter>
    </ClCompile>
    <ClCompile Include="..\..\..\code\BEngine\source\BKeyboardComponent.cpp">
      <Filter>Source</Filter>
    </ClCompile>
    <ClCompile Include="..\..\..\code\BEngine\source\BLightComponent.cpp">
      <Filter>Source</Filter>
    </ClCompile>
    <ClCompile Include="..\..\..\code\BEngine\source\BMainRenderer.cpp">
      <Filter>Source</Filter>
    </ClCompile>
    <ClCompile Include="..\..\..\code\BEngine\source\BMainWindowComponent.cpp">
      <Filter>Source</Filter>
    </ClCompile>
    <ClCompile Include="..\..\..\code\BEngine\source\BMessage.cpp">
      <Filter>Source</Filter>
    </ClCompile>
    <ClCompile Include="..\..\..\code\BEngine\source\BRenderObjectComponent.cpp">
      <Filter>Source</Filter>
    </ClCompile>
    <ClCompile Include="..\..\..\code\BEngine\source\BRenderObjectTask.cpp">
      <Filter>Source</Filter>
    </ClCompile>
    <ClCompile Include="..\..\..\code\BEngine\source\BRenderTask.cpp">
      <Filter>Source</Filter>
    </ClCompile>
    <ClCompile Include="..\..\..\code\BEngine\source\BScene.cpp">
      <Filter>Source</Filter>
    </ClCompile>
    <ClCompile Include="..\..\..\code\BEngine\source\BShereColliderComponent.cpp">
      <Filter>Source</Filter>
    </ClCompile>
    <ClCompile Include="..\..\..\code\BEngine\source\BTask.cpp">
      <Filter>Source</Filter>
    </ClCompile>
    <ClCompile Include="..\..\..\code\BEngine\source\BTimer.cpp">
      <Filter>Source</Filter>
    </ClCompile>
    <ClCompile Include="..\..\..\code\BEngine\source\BTransformComponent.cpp">
      <Filter>Source</Filter>
    </ClCompile>
    <ClCompile Include="..\..\..\code\BEngine\source\BTransformTask.cpp">
      <Filter>Source</Filter>
    </ClCompile>
    <ClCompile Include="..\..\..\code\BEngine\source\BWindowTask.cpp">
      <Filter>Source</Filter>
    </ClCompile>
    <ClCompile Include="..\..\..\code\BEngine\source\BMainPhysics.cpp">
      <Filter>Source</Filter>
    </ClCompile>
    <ClCompile Include="..\..\..\code\BEngine\source\BPhysicsTask.cpp">
      <Filter>Source</Filter>
    </ClCompile>
    <ClCompile Include="..\..\..\code\BEngine\source\BPhysicsComponent.cpp">
      <Filter>Source</Filter>
    </ClCompile>
    <ClCompile Include="..\..\..\code\BEngine\source\BMainPhysicsTask.cpp">
      <Filter>Source</Filter>
    </ClCompile>
    <ClCompile Include="..\..\..\code\BEngine\source\BCapsulleColliderComponent.cpp">
      <Filter>Source</Filter>
    </ClCompile>
    <ClCompile Include="..\..\..\code\BEngine\source\BMainCollisionComponent.cpp">
      <Filter>Source</Filter>
    </ClCompile>
    <ClCompile Include="..\..\..\code\BEngine\source\BMainCollisionTask.cpp">
      <Filter>Source</Filter>
    </ClCompile>
  </ItemGroup>
</Project>