<?xml version="1.0" encoding="utf-8"?>
<Project ToolsVersion="4.0" xmlns="http://schemas.microsoft.com/developer/msbuild/2003">
  <ItemGroup>
    <ClCompile Include="..\..\code\source\BEngine.cpp">
      <Filter>Source</Filter>
    </ClCompile>
    <ClCompile Include="..\..\code\headers\BScene.hpp">
      <Filter>Headers</Filter>
    </ClCompile>
    <ClCompile Include="..\..\code\source\BScene.cpp">
      <Filter>Source</Filter>
    </ClCompile>
    <ClCompile Include="..\..\code\source\BEntity.cpp">
      <Filter>Source</Filter>
    </ClCompile>
    <ClCompile Include="..\..\code\source\BTask.cpp">
      <Filter>Source</Filter>
    </ClCompile>
    <ClCompile Include="..\..\code\source\BComponent.cpp">
      <Filter>Source</Filter>
    </ClCompile>
    <ClCompile Include="..\..\code\source\BKernel.cpp">
      <Filter>Source</Filter>
    </ClCompile>
    <ClCompile Include="..\..\code\source\BWindow.cpp">
      <Filter>Source</Filter>
    </ClCompile>
    <ClCompile Include="..\..\code\source\BDispacher.cpp">
      <Filter>Source</Filter>
    </ClCompile>
  </ItemGroup>
  <ItemGroup>
    <ClInclude Include="..\..\code\headers\BEngine.hpp">
      <Filter>Headers</Filter>
    </ClInclude>
    <ClInclude Include="..\..\code\headers\BEntity.hpp">
      <Filter>Headers</Filter>
    </ClInclude>
    <ClInclude Include="..\..\code\headers\BKernel.hpp">
      <Filter>Headers</Filter>
    </ClInclude>
    <ClInclude Include="..\..\code\headers\BSystem.hpp">
      <Filter>Headers</Filter>
    </ClInclude>
    <ClInclude Include="..\..\code\headers\BtypeDef.hpp">
      <Filter>Headers</Filter>
    </ClInclude>
    <ClInclude Include="..\..\code\headers\BAudio.hpp">
      <Filter>Headers\Audio</Filter>
    </ClInclude>
    <ClInclude Include="..\..\code\headers\BWindow.hpp">
      <Filter>Headers\Window</Filter>
    </ClInclude>
    <ClInclude Include="..\..\code\headers\BTimer.hpp">
      <Filter>Headers\Tools</Filter>
    </ClInclude>
    <ClInclude Include="..\..\code\headers\BVariant.hpp">
      <Filter>Headers\Tools</Filter>
    </ClInclude>
    <ClInclude Include="..\..\code\headers\BComponent.hpp">
      <Filter>Headers\Components</Filter>
    </ClInclude>
    <ClInclude Include="..\..\code\headers\BTask.hpp">
      <Filter>Headers\Task</Filter>
    </ClInclude>
    <ClInclude Include="..\..\code\headers\BMessage.hpp">
      <Filter>Headers\Messages</Filter>
    </ClInclude>
    <ClInclude Include="..\..\code\headers\BMessageHandler.hpp">
      <Filter>Headers\Messages</Filter>
    </ClInclude>
    <ClInclude Include="..\..\code\headers\BDispacher.hpp">
      <Filter>Headers\Messages</Filter>
    </ClInclude>
    <ClInclude Include="..\..\code\headers\BObserver.hpp">
      <Filter>Headers\Messages</Filter>
    </ClInclude>
    <ClInclude Include="..\..\code\headers\BInputHandler.hpp">
      <Filter>Headers\Input</Filter>
    </ClInclude>
    <ClInclude Include="..\..\code\headers\BInputMapper.hpp">
      <Filter>Headers\Input</Filter>
    </ClInclude>
  </ItemGroup>
  <ItemGroup>
    <Xml Include="..\..\code\headers\EventMapping.xml" />
  </ItemGroup>
  <ItemGroup>
    <Filter Include="Headers">
      <UniqueIdentifier>{4f4c3eef-712b-4e35-8cff-2b0360210de6}</UniqueIdentifier>
    </Filter>
    <Filter Include="Source">
      <UniqueIdentifier>{4d7b5deb-5b96-4db4-8cfe-849e6d232a60}</UniqueIdentifier>
    </Filter>
    <Filter Include="Headers\Audio">
      <UniqueIdentifier>{328cabef-7d20-484b-b83d-1066ffc65571}</UniqueIdentifier>
    </Filter>
    <Filter Include="Headers\Window">
      <UniqueIdentifier>{afd7d381-b926-4973-b171-b03960ca89c4}</UniqueIdentifier>
    </Filter>
    <Filter Include="Headers\Tools">
      <UniqueIdentifier>{1026352c-d56e-488a-b8c2-25b1007fff0b}</UniqueIdentifier>
    </Filter>
    <Filter Include="Headers\Components">
      <UniqueIdentifier>{5a1e6998-14f2-4e4e-94fe-1f1c07d20d45}</UniqueIdentifier>
    </Filter>
    <Filter Include="Headers\Task">
      <UniqueIdentifier>{aac93f94-4200-4efc-ab5c-72705c62ba58}</UniqueIdentifier>
    </Filter>
    <Filter Include="Headers\Messages">
      <UniqueIdentifier>{85a0cd51-be0f-4853-965e-fa5762f7138c}</UniqueIdentifier>
    </Filter>
    <Filter Include="Headers\Input">
      <UniqueIdentifier>{9fa99b2a-4bd2-4f4e-8ffb-35b635212c56}</UniqueIdentifier>
    </Filter>
  </ItemGroup>
</Project>