<?xml version="1.0" encoding="utf-8"?>
<Project ToolsVersion="4.0" xmlns="http://schemas.microsoft.com/developer/msbuild/2003">
  <ItemGroup>
    <ClCompile Include="..\..\code\source\BEngine.cpp">
      <Filter>Source</Filter>
    </ClCompile>
    <ClCompile Include="..\..\code\source\BScene.cpp">
      <Filter>Source</Filter>
    </ClCompile>
    <ClCompile Include="..\..\code\source\BEntity.cpp">
      <Filter>Source</Filter>
    </ClCompile>
    <ClCompile Include="..\..\code\source\BKernel.cpp">
      <Filter>Source</Filter>
    </ClCompile>
    <ClCompile Include="..\..\code\source\BAudio.cpp">
      <Filter>Source\Audio</Filter>
    </ClCompile>
    <ClCompile Include="..\..\code\source\BDispacher.cpp">
      <Filter>Source\Messages</Filter>
    </ClCompile>
    <ClCompile Include="..\..\code\source\BTask.cpp">
      <Filter>Source\Task</Filter>
    </ClCompile>
    <ClCompile Include="..\..\code\source\BTimer.cpp">
      <Filter>Source\Tools</Filter>
    </ClCompile>
    <ClCompile Include="..\..\code\source\BComponent.cpp">
      <Filter>Source\Component</Filter>
    </ClCompile>
    <ClCompile Include="..\..\code\source\BControlComponent.cpp">
      <Filter>Source\Component</Filter>
    </ClCompile>
    <ClCompile Include="..\..\code\source\BRenderObjectComponent.cpp">
      <Filter>Source\Component</Filter>
    </ClCompile>
    <ClCompile Include="..\..\code\source\BTransformComponent.cpp">
      <Filter>Source\Component</Filter>
    </ClCompile>
    <ClCompile Include="..\..\code\source\BWindowTask.cpp">
      <Filter>Source\Task</Filter>
    </ClCompile>
    <ClCompile Include="..\..\code\source\BTransform_task.cpp">
      <Filter>Source\Task</Filter>
    </ClCompile>
    <ClCompile Include="..\..\code\source\BRenderObject_task.cpp">
      <Filter>Source\Task</Filter>
    </ClCompile>
    <ClCompile Include="..\..\code\source\BRenderTask.cpp">
      <Filter>Source\Task</Filter>
    </ClCompile>
    <ClCompile Include="..\..\code\source\BMainRenderer.cpp">
      <Filter>Source\Component</Filter>
    </ClCompile>
    <ClCompile Include="..\..\code\source\BMainWindowComponent.cpp">
      <Filter>Source\Component</Filter>
    </ClCompile>
    <ClCompile Include="..\..\code\source\BControlTask.cpp">
      <Filter>Source\Task</Filter>
    </ClCompile>
  </ItemGroup>
  <ItemGroup>
    <ClInclude Include="..\..\code\headers\BEngine.hpp">
      <Filter>Headers</Filter>
    </ClInclude>
    <ClInclude Include="..\..\code\headers\BEntity.hpp">
      <Filter>Headers</Filter>
    </ClInclude>
    <ClInclude Include="..\..\code\headers\BKernel.hpp">
      <Filter>Headers</Filter>
    </ClInclude>
    <ClInclude Include="..\..\code\headers\BtypeDef.hpp">
      <Filter>Headers</Filter>
    </ClInclude>
    <ClInclude Include="..\..\code\headers\BAudio.hpp">
      <Filter>Headers\Audio</Filter>
    </ClInclude>
    <ClInclude Include="..\..\code\headers\BTimer.hpp">
      <Filter>Headers\Tools</Filter>
    </ClInclude>
    <ClInclude Include="..\..\code\headers\BVariant.hpp">
      <Filter>Headers\Tools</Filter>
    </ClInclude>
    <ClInclude Include="..\..\code\headers\BComponent.hpp">
      <Filter>Headers\Components</Filter>
    </ClInclude>
    <ClInclude Include="..\..\code\headers\BTask.hpp">
      <Filter>Headers\Task</Filter>
    </ClInclude>
    <ClInclude Include="..\..\code\headers\BMessage.hpp">
      <Filter>Headers\Messages</Filter>
    </ClInclude>
    <ClInclude Include="..\..\code\headers\BMessageHandler.hpp">
      <Filter>Headers\Messages</Filter>
    </ClInclude>
    <ClInclude Include="..\..\code\headers\BDispacher.hpp">
      <Filter>Headers\Messages</Filter>
    </ClInclude>
    <ClInclude Include="..\..\code\headers\BObserver.hpp">
      <Filter>Headers\Messages</Filter>
    </ClInclude>
    <ClInclude Include="..\..\code\headers\BInputHandler.hpp">
      <Filter>Headers\Task\Input</Filter>
    </ClInclude>
    <ClInclude Include="..\..\code\headers\BInputMapper.hpp">
      <Filter>Headers\Task\Input</Filter>
    </ClInclude>
    <ClInclude Include="..\..\code\headers\BScene.hpp">
      <Filter>Headers</Filter>
    </ClInclude>
    <ClInclude Include="..\..\code\headers\BWindowTask.hpp">
      <Filter>Headers\Task</Filter>
    </ClInclude>
    <ClInclude Include="..\..\code\headers\BRenderTask.hpp">
      <Filter>Headers\Task</Filter>
    </ClInclude>
    <ClInclude Include="..\..\code\headers\BRenderObject_task.hpp">
      <Filter>Headers\Task</Filter>
    </ClInclude>
    <ClInclude Include="..\..\code\headers\BTranformTask.hpp">
      <Filter>Headers\Task</Filter>
    </ClInclude>
    <ClInclude Include="..\..\code\headers\BTransformComponent.hpp">
      <Filter>Headers\Components</Filter>
    </ClInclude>
    <ClInclude Include="..\..\code\headers\BRenderObjectComponent.hpp">
      <Filter>Headers\Components</Filter>
    </ClInclude>
    <ClInclude Include="..\..\code\headers\BControlComponent.hpp">
      <Filter>Headers\Components</Filter>
    </ClInclude>
    <ClInclude Include="..\..\code\headers\BMainWindowComponent.hpp">
      <Filter>Headers\Components</Filter>
    </ClInclude>
    <ClInclude Include="..\..\code\headers\BMainRenderer.hpp">
      <Filter>Headers\Components</Filter>
    </ClInclude>
    <ClInclude Include="..\..\code\headers\BControlTask.hpp">
      <Filter>Headers\Task</Filter>
    </ClInclude>
  </ItemGroup>
  <ItemGroup>
    <Xml Include="..\..\code\headers\EventMapping.xml" />
  </ItemGroup>
  <ItemGroup>
    <Filter Include="Headers">
      <UniqueIdentifier>{4f4c3eef-712b-4e35-8cff-2b0360210de6}</UniqueIdentifier>
    </Filter>
    <Filter Include="Source">
      <UniqueIdentifier>{4d7b5deb-5b96-4db4-8cfe-849e6d232a60}</UniqueIdentifier>
    </Filter>
    <Filter Include="Headers\Audio">
      <UniqueIdentifier>{328cabef-7d20-484b-b83d-1066ffc65571}</UniqueIdentifier>
    </Filter>
    <Filter Include="Headers\Tools">
      <UniqueIdentifier>{1026352c-d56e-488a-b8c2-25b1007fff0b}</UniqueIdentifier>
    </Filter>
    <Filter Include="Headers\Components">
      <UniqueIdentifier>{5a1e6998-14f2-4e4e-94fe-1f1c07d20d45}</UniqueIdentifier>
    </Filter>
    <Filter Include="Headers\Task">
      <UniqueIdentifier>{aac93f94-4200-4efc-ab5c-72705c62ba58}</UniqueIdentifier>
    </Filter>
    <Filter Include="Headers\Messages">
      <UniqueIdentifier>{85a0cd51-be0f-4853-965e-fa5762f7138c}</UniqueIdentifier>
    </Filter>
    <Filter Include="Headers\Task\Input">
      <UniqueIdentifier>{9fa99b2a-4bd2-4f4e-8ffb-35b635212c56}</UniqueIdentifier>
    </Filter>
    <Filter Include="Source\Audio">
      <UniqueIdentifier>{f8a4ba1c-3fe3-4e1d-a045-dcf2c9226bc2}</UniqueIdentifier>
    </Filter>
    <Filter Include="Source\Messages">
      <UniqueIdentifier>{46e76cff-4566-476c-8584-82da762e9e09}</UniqueIdentifier>
    </Filter>
    <Filter Include="Source\Task">
      <UniqueIdentifier>{60e28c05-d5dc-4a99-9e06-55318a43781c}</UniqueIdentifier>
    </Filter>
    <Filter Include="Source\Task\Input">
      <UniqueIdentifier>{cba409ee-9d1d-47c5-b22c-d66d12e63bd1}</UniqueIdentifier>
    </Filter>
    <Filter Include="Source\Tools">
      <UniqueIdentifier>{2b95e464-8bc7-4672-ba04-03e08ab6461b}</UniqueIdentifier>
    </Filter>
    <Filter Include="Source\Component">
      <UniqueIdentifier>{48ca88e8-fa2a-4a59-9a9f-c00f96391b41}</UniqueIdentifier>
    </Filter>
  </ItemGroup>
</Project>